
Microsoft Visual Studio Solution File, Format Version 12.00
# Visual Studio Version 17
VisualStudioVersion = 17.7.34003.232
MinimumVisualStudioVersion = 10.0.40219.1
Project("{FAE04EC0-301F-11D3-BF4B-00C04F79EFBC}") = "Calculator", "Calculator.csproj", "{D397B916-C653-4B68-83DD-1A2AEA7453C1}"
EndProject
Project("{FAE04EC0-301F-11D3-BF4B-00C04F79EFBC}") = "WebApplication1", "..\WebApplication1\WebApplication1.csproj", "{2E0B5AA9-D6A4-4135-BFD7-4C90EE8ACB5F}"
EndProject
Project("{FAE04EC0-301F-11D3-BF4B-00C04F79EFBC}") = "WebApplication", "..\WebApplication\WebApplication.csproj", "{CF75262C-8A65-496E-B56B-7EB35DA0BF20}"
EndProject
Global
	GlobalSection(SolutionConfigurationPlatforms) = preSolution
		Debug|Any CPU = Debug|Any CPU
		Release|Any CPU = Release|Any CPU
	EndGlobalSection
	GlobalSection(ProjectConfigurationPlatforms) = postSolution
		{D397B916-C653-4B68-83DD-1A2AEA7453C1}.Debug|Any CPU.ActiveCfg = Debug|Any CPU
		{D397B916-C653-4B68-83DD-1A2AEA7453C1}.Debug|Any CPU.Build.0 = Debug|Any CPU
		{D397B916-C653-4B68-83DD-1A2AEA7453C1}.Release|Any CPU.ActiveCfg = Release|Any CPU
		{D397B916-C653-4B68-83DD-1A2AEA7453C1}.Release|Any CPU.Build.0 = Release|Any CPU
		{2E0B5AA9-D6A4-4135-BFD7-4C90EE8ACB5F}.Debug|Any CPU.ActiveCfg = Debug|Any CPU
		{2E0B5AA9-D6A4-4135-BFD7-4C90EE8ACB5F}.Debug|Any CPU.Build.0 = Debug|Any CPU
		{2E0B5AA9-D6A4-4135-BFD7-4C90EE8ACB5F}.Release|Any CPU.ActiveCfg = Release|Any CPU
		{2E0B5AA9-D6A4-4135-BFD7-4C90EE8ACB5F}.Release|Any CPU.Build.0 = Release|Any CPU
		{CF75262C-8A65-496E-B56B-7EB35DA0BF20}.Debug|Any CPU.ActiveCfg = Debug|Any CPU
		{CF75262C-8A65-496E-B56B-7EB35DA0BF20}.Debug|Any CPU.Build.0 = Debug|Any CPU
		{CF75262C-8A65-496E-B56B-7EB35DA0BF20}.Release|Any CPU.ActiveCfg = Release|Any CPU
		{CF75262C-8A65-496E-B56B-7EB35DA0BF20}.Release|Any CPU.Build.0 = Release|Any CPU
	EndGlobalSection
	GlobalSection(SolutionProperties) = preSolution
		HideSolutionNode = FALSE
	EndGlobalSection
	GlobalSection(ExtensibilityGlobals) = postSolution
		SolutionGuid = {3224FFF2-C828-4AEE-85A2-08574B4BAE8D}
	EndGlobalSection
EndGlobal
